
Microsoft Visual Studio Solution File, Format Version 12.00
# Visual Studio Version 17
VisualStudioVersion = 17.10.35013.160
MinimumVisualStudioVersion = 10.0.40219.1
Project("{FAE04EC0-301F-11D3-BF4B-00C04F79EFBC}") = "ToDoList", "ToDoList\ToDoList.csproj", "{5F7A2A74-5425-4C4B-AB31-01C09703F6E5}"
EndProject
Global
	GlobalSection(SolutionConfigurationPlatforms) = preSolution
		Debug|Any CPU = Debug|Any CPU
		Release|Any CPU = Release|Any CPU
	EndGlobalSection
	GlobalSection(ProjectConfigurationPlatforms) = postSolution
		{5F7A2A74-5425-4C4B-AB31-01C09703F6E5}.Debug|Any CPU.ActiveCfg = Debug|Any CPU
		{5F7A2A74-5425-4C4B-AB31-01C09703F6E5}.Debug|Any CPU.Build.0 = Debug|Any CPU
		{5F7A2A74-5425-4C4B-AB31-01C09703F6E5}.Release|Any CPU.ActiveCfg = Release|Any CPU
		{5F7A2A74-5425-4C4B-AB31-01C09703F6E5}.Release|Any CPU.Build.0 = Release|Any CPU
	EndGlobalSection
	GlobalSection(SolutionProperties) = preSolution
		HideSolutionNode = FALSE
	EndGlobalSection
	GlobalSection(ExtensibilityGlobals) = postSolution
		SolutionGuid = {DBBC7C19-B5C4-47E0-9C57-7F9938DCDEA8}
	EndGlobalSection
EndGlobal
